
Microsoft Visual Studio Solution File, Format Version 12.00
# Visual Studio Version 17
VisualStudioVersion = 17.0.31903.59
MinimumVisualStudioVersion = 10.0.40219.1
Project("{2150E333-8FDC-42A3-9474-1A3956D46DE8}") = "src", "src", "{AA859783-27BC-49E7-B6FF-756230E179F4}"
EndProject
Project("{2150E333-8FDC-42A3-9474-1A3956D46DE8}") = "1. API", "1. API", "{6D15EE60-2462-405E-A911-EB55DE928B2B}"
EndProject
Project("{2150E333-8FDC-42A3-9474-1A3956D46DE8}") = "2. Application", "2. Application", "{A17948DF-770D-47FC-8281-00CE6E66FC03}"
EndProject
Project("{2150E333-8FDC-42A3-9474-1A3956D46DE8}") = "3. Domain", "3. Domain", "{62DBA4B6-2163-41A5-BEEF-22B736A5B26A}"
EndProject
Project("{2150E333-8FDC-42A3-9474-1A3956D46DE8}") = "4. Infra", "4. Infra", "{47B71643-88F3-4F0D-81E8-6C7B569159D9}"
EndProject
Project("{2150E333-8FDC-42A3-9474-1A3956D46DE8}") = "5. CrossCutting", "5. CrossCutting", "{68E90620-DB75-49DB-93EE-BA1ADFD6F5D1}"
EndProject
Project("{9A19103F-16F7-4668-BE54-9A1E7A4F7556}") = "Api.SUS.Application", "src\Api.SUS.Application\Api.SUS.Application.csproj", "{1A47CA10-F8B8-4ED6-961E-C5D15A561849}"
EndProject
Project("{9A19103F-16F7-4668-BE54-9A1E7A4F7556}") = "Api.SUS.Domain", "src\Api.SUS.Domain\Api.SUS.Domain.csproj", "{F0AFAB64-02DA-4EB1-9AD8-9599B0576141}"
EndProject
Project("{2150E333-8FDC-42A3-9474-1A3956D46DE8}") = "4.1. Repositories", "4.1. Repositories", "{9A486716-49A4-4507-8962-2EA7212AF81D}"
EndProject
Project("{2150E333-8FDC-42A3-9474-1A3956D46DE8}") = "4.2. Reports", "4.2. Reports", "{2D0A0C16-E010-4865-A756-666883EC71FD}"
EndProject
Project("{9A19103F-16F7-4668-BE54-9A1E7A4F7556}") = "Api.SUS.Data", "src\Api.SUS.Data\Api.SUS.Data.csproj", "{A2659F9F-9231-407D-A507-5C09DE10C712}"
EndProject
Project("{9A19103F-16F7-4668-BE54-9A1E7A4F7556}") = "Api.SUS.Reports", "src\Api.SUS.Reports\Api.SUS.Reports.csproj", "{09390ECA-CF77-4DCA-ACA7-9F478534838F}"
EndProject
Project("{9A19103F-16F7-4668-BE54-9A1E7A4F7556}") = "Api.SUS.CrossCutting", "src\Api.SUS.CrossCutting\Api.SUS.CrossCutting.csproj", "{D521C51E-E2A8-439C-BDB9-FD2F5C5778AE}"
EndProject
Project("{9A19103F-16F7-4668-BE54-9A1E7A4F7556}") = "Api.SUS.Presentation", "src\Api.SUS.Presentation\Api.SUS.Presentation.csproj", "{9A7A8938-8844-4F54-9E71-4927C45740B1}"
EndProject
Project("{2150E333-8FDC-42A3-9474-1A3956D46DE8}") = "4.3 Client", "4.3 Client", "{D1C193B6-B713-48E2-A829-1BE0E2FA381F}"
EndProject
Project("{9A19103F-16F7-4668-BE54-9A1E7A4F7556}") = "Api.SUS.Client", "src\Api.SUS.Client\Api.SUS.Client.csproj", "{8991615E-1294-4141-8A96-D6ECACA5E75B}"
EndProject
Global
	GlobalSection(SolutionConfigurationPlatforms) = preSolution
		Debug|Any CPU = Debug|Any CPU
		Release|Any CPU = Release|Any CPU
	EndGlobalSection
	GlobalSection(ProjectConfigurationPlatforms) = postSolution
		{1A47CA10-F8B8-4ED6-961E-C5D15A561849}.Debug|Any CPU.ActiveCfg = Debug|Any CPU
		{1A47CA10-F8B8-4ED6-961E-C5D15A561849}.Debug|Any CPU.Build.0 = Debug|Any CPU
		{1A47CA10-F8B8-4ED6-961E-C5D15A561849}.Release|Any CPU.ActiveCfg = Release|Any CPU
		{1A47CA10-F8B8-4ED6-961E-C5D15A561849}.Release|Any CPU.Build.0 = Release|Any CPU
		{F0AFAB64-02DA-4EB1-9AD8-9599B0576141}.Debug|Any CPU.ActiveCfg = Debug|Any CPU
		{F0AFAB64-02DA-4EB1-9AD8-9599B0576141}.Debug|Any CPU.Build.0 = Debug|Any CPU
		{F0AFAB64-02DA-4EB1-9AD8-9599B0576141}.Release|Any CPU.ActiveCfg = Release|Any CPU
		{F0AFAB64-02DA-4EB1-9AD8-9599B0576141}.Release|Any CPU.Build.0 = Release|Any CPU
		{A2659F9F-9231-407D-A507-5C09DE10C712}.Debug|Any CPU.ActiveCfg = Debug|Any CPU
		{A2659F9F-9231-407D-A507-5C09DE10C712}.Debug|Any CPU.Build.0 = Debug|Any CPU
		{A2659F9F-9231-407D-A507-5C09DE10C712}.Release|Any CPU.ActiveCfg = Release|Any CPU
		{A2659F9F-9231-407D-A507-5C09DE10C712}.Release|Any CPU.Build.0 = Release|Any CPU
		{09390ECA-CF77-4DCA-ACA7-9F478534838F}.Debug|Any CPU.ActiveCfg = Debug|Any CPU
		{09390ECA-CF77-4DCA-ACA7-9F478534838F}.Debug|Any CPU.Build.0 = Debug|Any CPU
		{09390ECA-CF77-4DCA-ACA7-9F478534838F}.Release|Any CPU.ActiveCfg = Release|Any CPU
		{09390ECA-CF77-4DCA-ACA7-9F478534838F}.Release|Any CPU.Build.0 = Release|Any CPU
		{D521C51E-E2A8-439C-BDB9-FD2F5C5778AE}.Debug|Any CPU.ActiveCfg = Debug|Any CPU
		{D521C51E-E2A8-439C-BDB9-FD2F5C5778AE}.Debug|Any CPU.Build.0 = Debug|Any CPU
		{D521C51E-E2A8-439C-BDB9-FD2F5C5778AE}.Release|Any CPU.ActiveCfg = Release|Any CPU
		{D521C51E-E2A8-439C-BDB9-FD2F5C5778AE}.Release|Any CPU.Build.0 = Release|Any CPU
		{9A7A8938-8844-4F54-9E71-4927C45740B1}.Debug|Any CPU.ActiveCfg = Debug|Any CPU
		{9A7A8938-8844-4F54-9E71-4927C45740B1}.Debug|Any CPU.Build.0 = Debug|Any CPU
		{9A7A8938-8844-4F54-9E71-4927C45740B1}.Release|Any CPU.ActiveCfg = Release|Any CPU
		{9A7A8938-8844-4F54-9E71-4927C45740B1}.Release|Any CPU.Build.0 = Release|Any CPU
		{8991615E-1294-4141-8A96-D6ECACA5E75B}.Debug|Any CPU.ActiveCfg = Debug|Any CPU
		{8991615E-1294-4141-8A96-D6ECACA5E75B}.Debug|Any CPU.Build.0 = Debug|Any CPU
		{8991615E-1294-4141-8A96-D6ECACA5E75B}.Release|Any CPU.ActiveCfg = Release|Any CPU
		{8991615E-1294-4141-8A96-D6ECACA5E75B}.Release|Any CPU.Build.0 = Release|Any CPU
	EndGlobalSection
	GlobalSection(SolutionProperties) = preSolution
		HideSolutionNode = FALSE
	EndGlobalSection
	GlobalSection(NestedProjects) = preSolution
		{6D15EE60-2462-405E-A911-EB55DE928B2B} = {AA859783-27BC-49E7-B6FF-756230E179F4}
		{A17948DF-770D-47FC-8281-00CE6E66FC03} = {AA859783-27BC-49E7-B6FF-756230E179F4}
		{62DBA4B6-2163-41A5-BEEF-22B736A5B26A} = {AA859783-27BC-49E7-B6FF-756230E179F4}
		{47B71643-88F3-4F0D-81E8-6C7B569159D9} = {AA859783-27BC-49E7-B6FF-756230E179F4}
		{68E90620-DB75-49DB-93EE-BA1ADFD6F5D1} = {AA859783-27BC-49E7-B6FF-756230E179F4}
		{1A47CA10-F8B8-4ED6-961E-C5D15A561849} = {A17948DF-770D-47FC-8281-00CE6E66FC03}
		{F0AFAB64-02DA-4EB1-9AD8-9599B0576141} = {62DBA4B6-2163-41A5-BEEF-22B736A5B26A}
		{9A486716-49A4-4507-8962-2EA7212AF81D} = {47B71643-88F3-4F0D-81E8-6C7B569159D9}
		{2D0A0C16-E010-4865-A756-666883EC71FD} = {47B71643-88F3-4F0D-81E8-6C7B569159D9}
		{A2659F9F-9231-407D-A507-5C09DE10C712} = {9A486716-49A4-4507-8962-2EA7212AF81D}
		{09390ECA-CF77-4DCA-ACA7-9F478534838F} = {2D0A0C16-E010-4865-A756-666883EC71FD}
		{D521C51E-E2A8-439C-BDB9-FD2F5C5778AE} = {68E90620-DB75-49DB-93EE-BA1ADFD6F5D1}
		{9A7A8938-8844-4F54-9E71-4927C45740B1} = {6D15EE60-2462-405E-A911-EB55DE928B2B}
		{D1C193B6-B713-48E2-A829-1BE0E2FA381F} = {47B71643-88F3-4F0D-81E8-6C7B569159D9}
		{8991615E-1294-4141-8A96-D6ECACA5E75B} = {D1C193B6-B713-48E2-A829-1BE0E2FA381F}
	EndGlobalSection
	GlobalSection(ExtensibilityGlobals) = postSolution
		SolutionGuid = {DA5F790B-15B5-4120-9445-BC78C9FF1416}
	EndGlobalSection
EndGlobal
